// !$*UTF8*$!
{
	archiveVersion = 1;
	classes = {
	};
	objectVersion = 46;
	objects = {

/* Begin PBXBuildFile section */
		0043F76A1DBF0F4900C9A6C0 /* main.m in Sources */ = {isa = PBXBuildFile; fileRef = 0043F7691DBF0F4900C9A6C0 /* main.m */; };
		0043F76D1DBF0F4900C9A6C0 /* AppDelegate.m in Sources */ = {isa = PBXBuildFile; fileRef = 0043F76C1DBF0F4900C9A6C0 /* AppDelegate.m */; };
		0043F7701DBF0F4900C9A6C0 /* ViewController.m in Sources */ = {isa = PBXBuildFile; fileRef = 0043F76F1DBF0F4900C9A6C0 /* ViewController.m */; };
		0043F7731DBF0F4900C9A6C0 /* Main.storyboard in Resources */ = {isa = PBXBuildFile; fileRef = 0043F7711DBF0F4900C9A6C0 /* Main.storyboard */; };
		0043F7761DBF0F4900C9A6C0 /* test.xcdatamodeld in Sources */ = {isa = PBXBuildFile; fileRef = 0043F7741DBF0F4900C9A6C0 /* test.xcdatamodeld */; };
		0043F7781DBF0F4900C9A6C0 /* Assets.xcassets in Resources */ = {isa = PBXBuildFile; fileRef = 0043F7771DBF0F4900C9A6C0 /* Assets.xcassets */; };
		0043F77B1DBF0F4900C9A6C0 /* LaunchScreen.storyboard in Resources */ = {isa = PBXBuildFile; fileRef = 0043F7791DBF0F4900C9A6C0 /* LaunchScreen.storyboard */; };
		0043F7861DBF0F4900C9A6C0 /* testTests.m in Sources */ = {isa = PBXBuildFile; fileRef = 0043F7851DBF0F4900C9A6C0 /* testTests.m */; };
		0043F7911DBF0F4900C9A6C0 /* testUITests.m in Sources */ = {isa = PBXBuildFile; fileRef = 0043F7901DBF0F4900C9A6C0 /* testUITests.m */; };
		009695951DC06A6900585608 /* IndieCore.framework in Frameworks */ = {isa = PBXBuildFile; fileRef = 009695931DC06A6900585608 /* IndieCore.framework */; };
		009695961DC06A6900585608 /* IndieCore.bundle in Resources */ = {isa = PBXBuildFile; fileRef = 009695941DC06A6900585608 /* IndieCore.bundle */; };
/* End PBXBuildFile section */

/* Begin PBXContainerItemProxy section */
		0043F7821DBF0F4900C9A6C0 /* PBXContainerItemProxy */ = {
			isa = PBXContainerItemProxy;
			containerPortal = 0043F75D1DBF0F4900C9A6C0 /* Project object */;
			proxyType = 1;
			remoteGlobalIDString = 0043F7641DBF0F4900C9A6C0;
			remoteInfo = test;
		};
		0043F78D1DBF0F4900C9A6C0 /* PBXContainerItemProxy */ = {
			isa = PBXContainerItemProxy;
			containerPortal = 0043F75D1DBF0F4900C9A6C0 /* Project object */;
			proxyType = 1;
			remoteGlobalIDString = 0043F7641DBF0F4900C9A6C0;
			remoteInfo = test;
		};
/* End PBXContainerItemProxy section */

/* Begin PBXFileReference section */
		0043F7651DBF0F4900C9A6C0 /* example.app */ = {isa = PBXFileReference; explicitFileType = wrapper.application; includeInIndex = 0; path = example.app; sourceTree = BUILT_PRODUCTS_DIR; };
		0043F7691DBF0F4900C9A6C0 /* main.m */ = {isa = PBXFileReference; lastKnownFileType = sourcecode.c.objc; path = main.m; sourceTree = "<group>"; };
		0043F76B1DBF0F4900C9A6C0 /* AppDelegate.h */ = {isa = PBXFileReference; lastKnownFileType = sourcecode.c.h; path = AppDelegate.h; sourceTree = "<group>"; };
		0043F76C1DBF0F4900C9A6C0 /* AppDelegate.m */ = {isa = PBXFileReference; lastKnownFileType = sourcecode.c.objc; path = AppDelegate.m; sourceTree = "<group>"; };
		0043F76E1DBF0F4900C9A6C0 /* ViewController.h */ = {isa = PBXFileReference; lastKnownFileType = sourcecode.c.h; path = ViewController.h; sourceTree = "<group>"; };
		0043F76F1DBF0F4900C9A6C0 /* ViewController.m */ = {isa = PBXFileReference; lastKnownFileType = sourcecode.c.objc; path = ViewController.m; sourceTree = "<group>"; };
		0043F7721DBF0F4900C9A6C0 /* Base */ = {isa = PBXFileReference; lastKnownFileType = file.storyboard; name = Base; path = Base.lproj/Main.storyboard; sourceTree = "<group>"; };
		0043F7751DBF0F4900C9A6C0 /* test.xcdatamodel */ = {isa = PBXFileReference; lastKnownFileType = wrapper.xcdatamodel; path = test.xcdatamodel; sourceTree = "<group>"; };
		0043F7771DBF0F4900C9A6C0 /* Assets.xcassets */ = {isa = PBXFileReference; lastKnownFileType = folder.assetcatalog; path = Assets.xcassets; sourceTree = "<group>"; };
		0043F77A1DBF0F4900C9A6C0 /* Base */ = {isa = PBXFileReference; lastKnownFileType = file.storyboard; name = Base; path = Base.lproj/LaunchScreen.storyboard; sourceTree = "<group>"; };
		0043F77C1DBF0F4900C9A6C0 /* Info.plist */ = {isa = PBXFileReference; lastKnownFileType = text.plist.xml; path = Info.plist; sourceTree = "<group>"; };
		0043F7811DBF0F4900C9A6C0 /* exampleTests.xctest */ = {isa = PBXFileReference; explicitFileType = wrapper.cfbundle; includeInIndex = 0; path = exampleTests.xctest; sourceTree = BUILT_PRODUCTS_DIR; };
		0043F7851DBF0F4900C9A6C0 /* testTests.m */ = {isa = PBXFileReference; lastKnownFileType = sourcecode.c.objc; path = testTests.m; sourceTree = "<group>"; };
		0043F7871DBF0F4900C9A6C0 /* Info.plist */ = {isa = PBXFileReference; lastKnownFileType = text.plist.xml; path = Info.plist; sourceTree = "<group>"; };
		0043F78C1DBF0F4900C9A6C0 /* exampleUITests.xctest */ = {isa = PBXFileReference; explicitFileType = wrapper.cfbundle; includeInIndex = 0; path = exampleUITests.xctest; sourceTree = BUILT_PRODUCTS_DIR; };
		0043F7901DBF0F4900C9A6C0 /* testUITests.m */ = {isa = PBXFileReference; lastKnownFileType = sourcecode.c.objc; path = testUITests.m; sourceTree = "<group>"; };
		0043F7921DBF0F4900C9A6C0 /* Info.plist */ = {isa = PBXFileReference; lastKnownFileType = text.plist.xml; path = Info.plist; sourceTree = "<group>"; };
		009695931DC06A6900585608 /* IndieCore.framework */ = {isa = PBXFileReference; lastKnownFileType = wrapper.framework; path = IndieCore.framework; sourceTree = "<group>"; };
		009695941DC06A6900585608 /* IndieCore.bundle */ = {isa = PBXFileReference; lastKnownFileType = "wrapper.plug-in"; path = IndieCore.bundle; sourceTree = "<group>"; };
/* End PBXFileReference section */

/* Begin PBXFrameworksBuildPhase section */
		0043F7621DBF0F4900C9A6C0 /* Frameworks */ = {
			isa = PBXFrameworksBuildPhase;
			buildActionMask = 2147483647;
			files = (
				009695951DC06A6900585608 /* IndieCore.framework in Frameworks */,
			);
			runOnlyForDeploymentPostprocessing = 0;
		};
		0043F77E1DBF0F4900C9A6C0 /* Frameworks */ = {
			isa = PBXFrameworksBuildPhase;
			buildActionMask = 2147483647;
			files = (
			);
			runOnlyForDeploymentPostprocessing = 0;
		};
		0043F7891DBF0F4900C9A6C0 /* Frameworks */ = {
			isa = PBXFrameworksBuildPhase;
			buildActionMask = 2147483647;
			files = (
			);
			runOnlyForDeploymentPostprocessing = 0;
		};
/* End PBXFrameworksBuildPhase section */

/* Begin PBXGroup section */
		0043F75C1DBF0F4900C9A6C0 = {
			isa = PBXGroup;
			children = (
				0043F7671DBF0F4900C9A6C0 /* example */,
				0043F7841DBF0F4900C9A6C0 /* testTests */,
				0043F78F1DBF0F4900C9A6C0 /* testUITests */,
				0043F7661DBF0F4900C9A6C0 /* Products */,
				0043F7A01DBF107A00C9A6C0 /* Frameworks */,
			);
			sourceTree = "<group>";
		};
		0043F7661DBF0F4900C9A6C0 /* Products */ = {
			isa = PBXGroup;
			children = (
				0043F7651DBF0F4900C9A6C0 /* example.app */,
				0043F7811DBF0F4900C9A6C0 /* exampleTests.xctest */,
				0043F78C1DBF0F4900C9A6C0 /* exampleUITests.xctest */,
			);
			name = Products;
			sourceTree = "<group>";
		};
		0043F7671DBF0F4900C9A6C0 /* example */ = {
			isa = PBXGroup;
			children = (
				009695931DC06A6900585608 /* IndieCore.framework */,
				009695941DC06A6900585608 /* IndieCore.bundle */,
				0043F76B1DBF0F4900C9A6C0 /* AppDelegate.h */,
				0043F76C1DBF0F4900C9A6C0 /* AppDelegate.m */,
				0043F76E1DBF0F4900C9A6C0 /* ViewController.h */,
				0043F76F1DBF0F4900C9A6C0 /* ViewController.m */,
				0043F7711DBF0F4900C9A6C0 /* Main.storyboard */,
				0043F7771DBF0F4900C9A6C0 /* Assets.xcassets */,
				0043F7791DBF0F4900C9A6C0 /* LaunchScreen.storyboard */,
				0043F77C1DBF0F4900C9A6C0 /* Info.plist */,
				0043F7741DBF0F4900C9A6C0 /* test.xcdatamodeld */,
				0043F7681DBF0F4900C9A6C0 /* Supporting Files */,
			);
			name = example;
			path = test;
			sourceTree = "<group>";
		};
		0043F7681DBF0F4900C9A6C0 /* Supporting Files */ = {
			isa = PBXGroup;
			children = (
				0043F7691DBF0F4900C9A6C0 /* main.m */,
			);
			name = "Supporting Files";
			sourceTree = "<group>";
		};
		0043F7841DBF0F4900C9A6C0 /* testTests */ = {
			isa = PBXGroup;
			children = (
				0043F7851DBF0F4900C9A6C0 /* testTests.m */,
				0043F7871DBF0F4900C9A6C0 /* Info.plist */,
			);
			path = testTests;
			sourceTree = "<group>";
		};
		0043F78F1DBF0F4900C9A6C0 /* testUITests */ = {
			isa = PBXGroup;
			children = (
				0043F7901DBF0F4900C9A6C0 /* testUITests.m */,
				0043F7921DBF0F4900C9A6C0 /* Info.plist */,
			);
			path = testUITests;
			sourceTree = "<group>";
		};
		0043F7A01DBF107A00C9A6C0 /* Frameworks */ = {
			isa = PBXGroup;
			children = (
			);
			name = Frameworks;
			sourceTree = "<group>";
		};
/* End PBXGroup section */

/* Begin PBXNativeTarget section */
		0043F7641DBF0F4900C9A6C0 /* example */ = {
			isa = PBXNativeTarget;
			buildConfigurationList = 0043F7951DBF0F4900C9A6C0 /* Build configuration list for PBXNativeTarget "example" */;
			buildPhases = (
				0043F7611DBF0F4900C9A6C0 /* Sources */,
				0043F7621DBF0F4900C9A6C0 /* Frameworks */,
				0043F7631DBF0F4900C9A6C0 /* Resources */,
			);
			buildRules = (
			);
			dependencies = (
			);
			name = example;
			productName = test;
			productReference = 0043F7651DBF0F4900C9A6C0 /* example.app */;
			productType = "com.apple.product-type.application";
		};
		0043F7801DBF0F4900C9A6C0 /* exampleTests */ = {
			isa = PBXNativeTarget;
			buildConfigurationList = 0043F7981DBF0F4900C9A6C0 /* Build configuration list for PBXNativeTarget "exampleTests" */;
			buildPhases = (
				0043F77D1DBF0F4900C9A6C0 /* Sources */,
				0043F77E1DBF0F4900C9A6C0 /* Frameworks */,
				0043F77F1DBF0F4900C9A6C0 /* Resources */,
			);
			buildRules = (
			);
			dependencies = (
				0043F7831DBF0F4900C9A6C0 /* PBXTargetDependency */,
			);
			name = exampleTests;
			productName = testTests;
			productReference = 0043F7811DBF0F4900C9A6C0 /* exampleTests.xctest */;
			productType = "com.apple.product-type.bundle.unit-test";
		};
		0043F78B1DBF0F4900C9A6C0 /* exampleUITests */ = {
			isa = PBXNativeTarget;
			buildConfigurationList = 0043F79B1DBF0F4900C9A6C0 /* Build configuration list for PBXNativeTarget "exampleUITests" */;
			buildPhases = (
				0043F7881DBF0F4900C9A6C0 /* Sources */,
				0043F7891DBF0F4900C9A6C0 /* Frameworks */,
				0043F78A1DBF0F4900C9A6C0 /* Resources */,
			);
			buildRules = (
			);
			dependencies = (
				0043F78E1DBF0F4900C9A6C0 /* PBXTargetDependency */,
			);
			name = exampleUITests;
			productName = testUITests;
			productReference = 0043F78C1DBF0F4900C9A6C0 /* exampleUITests.xctest */;
			productType = "com.apple.product-type.bundle.ui-testing";
		};
/* End PBXNativeTarget section */

/* Begin PBXProject section */
		0043F75D1DBF0F4900C9A6C0 /* Project object */ = {
			isa = PBXProject;
			attributes = {
				LastUpgradeCheck = 0800;
				ORGANIZATIONNAME = IndieSquare;
				TargetAttributes = {
					0043F7641DBF0F4900C9A6C0 = {
						CreatedOnToolsVersion = 8.0;
						ProvisioningStyle = Automatic;
					};
					0043F7801DBF0F4900C9A6C0 = {
						CreatedOnToolsVersion = 8.0;
						ProvisioningStyle = Automatic;
						TestTargetID = 0043F7641DBF0F4900C9A6C0;
					};
					0043F78B1DBF0F4900C9A6C0 = {
						CreatedOnToolsVersion = 8.0;
						ProvisioningStyle = Automatic;
						TestTargetID = 0043F7641DBF0F4900C9A6C0;
					};
				};
			};
			buildConfigurationList = 0043F7601DBF0F4900C9A6C0 /* Build configuration list for PBXProject "example" */;
			compatibilityVersion = "Xcode 3.2";
			developmentRegion = English;
			hasScannedForEncodings = 0;
			knownRegions = (
				en,
				Base,
			);
			mainGroup = 0043F75C1DBF0F4900C9A6C0;
			productRefGroup = 0043F7661DBF0F4900C9A6C0 /* Products */;
			projectDirPath = "";
			projectRoot = "";
			targets = (
				0043F7641DBF0F4900C9A6C0 /* example */,
				0043F7801DBF0F4900C9A6C0 /* exampleTests */,
				0043F78B1DBF0F4900C9A6C0 /* exampleUITests */,
			);
		};
/* End PBXProject section */

/* Begin PBXResourcesBuildPhase section */
		0043F7631DBF0F4900C9A6C0 /* Resources */ = {
			isa = PBXResourcesBuildPhase;
			buildActionMask = 2147483647;
			files = (
				0043F77B1DBF0F4900C9A6C0 /* LaunchScreen.storyboard in Resources */,
				0043F7781DBF0F4900C9A6C0 /* Assets.xcassets in Resources */,
				009695961DC06A6900585608 /* IndieCore.bundle in Resources */,
				0043F7731DBF0F4900C9A6C0 /* Main.storyboard in Resources */,
			);
			runOnlyForDeploymentPostprocessing = 0;
		};
		0043F77F1DBF0F4900C9A6C0 /* Resources */ = {
			isa = PBXResourcesBuildPhase;
			buildActionMask = 2147483647;
			files = (
			);
			runOnlyForDeploymentPostprocessing = 0;
		};
		0043F78A1DBF0F4900C9A6C0 /* Resources */ = {
			isa = PBXResourcesBuildPhase;
			buildActionMask = 2147483647;
			files = (
			);
			runOnlyForDeploymentPostprocessing = 0;
		};
/* End PBXResourcesBuildPhase section */

/* Begin PBXSourcesBuildPhase section */
		0043F7611DBF0F4900C9A6C0 /* Sources */ = {
			isa = PBXSourcesBuildPhase;
			buildActionMask = 2147483647;
			files = (
				0043F7701DBF0F4900C9A6C0 /* ViewController.m in Sources */,
				0043F7761DBF0F4900C9A6C0 /* test.xcdatamodeld in Sources */,
				0043F76D1DBF0F4900C9A6C0 /* AppDelegate.m in Sources */,
				0043F76A1DBF0F4900C9A6C0 /* main.m in Sources */,
			);
			runOnlyForDeploymentPostprocessing = 0;
		};
		0043F77D1DBF0F4900C9A6C0 /* Sources */ = {
			isa = PBXSourcesBuildPhase;
			buildActionMask = 2147483647;
			files = (
				0043F7861DBF0F4900C9A6C0 /* testTests.m in Sources */,
			);
			runOnlyForDeploymentPostprocessing = 0;
		};
		0043F7881DBF0F4900C9A6C0 /* Sources */ = {
			isa = PBXSourcesBuildPhase;
			buildActionMask = 2147483647;
			files = (
				0043F7911DBF0F4900C9A6C0 /* testUITests.m in Sources */,
			);
			runOnlyForDeploymentPostprocessing = 0;
		};
/* End PBXSourcesBuildPhase section */

/* Begin PBXTargetDependency section */
		0043F7831DBF0F4900C9A6C0 /* PBXTargetDependency */ = {
			isa = PBXTargetDependency;
			target = 0043F7641DBF0F4900C9A6C0 /* example */;
			targetProxy = 0043F7821DBF0F4900C9A6C0 /* PBXContainerItemProxy */;
		};
		0043F78E1DBF0F4900C9A6C0 /* PBXTargetDependency */ = {
			isa = PBXTargetDependency;
			target = 0043F7641DBF0F4900C9A6C0 /* example */;
			targetProxy = 0043F78D1DBF0F4900C9A6C0 /* PBXContainerItemProxy */;
		};
/* End PBXTargetDependency section */

/* Begin PBXVariantGroup section */
		0043F7711DBF0F4900C9A6C0 /* Main.storyboard */ = {
			isa = PBXVariantGroup;
			children = (
				0043F7721DBF0F4900C9A6C0 /* Base */,
			);
			name = Main.storyboard;
			sourceTree = "<group>";
		};
		0043F7791DBF0F4900C9A6C0 /* LaunchScreen.storyboard */ = {
			isa = PBXVariantGroup;
			children = (
				0043F77A1DBF0F4900C9A6C0 /* Base */,
			);
			name = LaunchScreen.storyboard;
			sourceTree = "<group>";
		};
/* End PBXVariantGroup section */

/* Begin XCBuildConfiguration section */
		0043F7931DBF0F4900C9A6C0 /* Debug */ = {
			isa = XCBuildConfiguration;
			buildSettings = {
				ALWAYS_SEARCH_USER_PATHS = NO;
				CLANG_ANALYZER_NONNULL = YES;
				CLANG_CXX_LANGUAGE_STANDARD = "gnu++0x";
				CLANG_CXX_LIBRARY = "libc++";
				CLANG_ENABLE_MODULES = YES;
				CLANG_ENABLE_OBJC_ARC = YES;
				CLANG_WARN_BOOL_CONVERSION = YES;
				CLANG_WARN_CONSTANT_CONVERSION = YES;
				CLANG_WARN_DIRECT_OBJC_ISA_USAGE = YES_ERROR;
				CLANG_WARN_DOCUMENTATION_COMMENTS = YES;
				CLANG_WARN_EMPTY_BODY = YES;
				CLANG_WARN_ENUM_CONVERSION = YES;
				CLANG_WARN_INFINITE_RECURSION = YES;
				CLANG_WARN_INT_CONVERSION = YES;
				CLANG_WARN_OBJC_ROOT_CLASS = YES_ERROR;
				CLANG_WARN_SUSPICIOUS_MOVES = YES;
				CLANG_WARN_UNREACHABLE_CODE = YES;
				CLANG_WARN__DUPLICATE_METHOD_MATCH = YES;
				"CODE_SIGN_IDENTITY[sdk=iphoneos*]" = "iPhone Developer";
				COPY_PHASE_STRIP = NO;
				DEBUG_INFORMATION_FORMAT = dwarf;
				ENABLE_STRICT_OBJC_MSGSEND = YES;
				ENABLE_TESTABILITY = YES;
				GCC_C_LANGUAGE_STANDARD = gnu99;
				GCC_DYNAMIC_NO_PIC = NO;
				GCC_NO_COMMON_BLOCKS = YES;
				GCC_OPTIMIZATION_LEVEL = 0;
				GCC_PREPROCESSOR_DEFINITIONS = (
					"DEBUG=1",
					"$(inherited)",
				);
				GCC_WARN_64_TO_32_BIT_CONVERSION = YES;
				GCC_WARN_ABOUT_RETURN_TYPE = YES_ERROR;
				GCC_WARN_UNDECLARED_SELECTOR = YES;
				GCC_WARN_UNINITIALIZED_AUTOS = YES_AGGRESSIVE;
				GCC_WARN_UNUSED_FUNCTION = YES;
				GCC_WARN_UNUSED_VARIABLE = YES;
				IPHONEOS_DEPLOYMENT_TARGET = 10.0;
				MTL_ENABLE_DEBUG_INFO = YES;
				ONLY_ACTIVE_ARCH = YES;
				SDKROOT = iphoneos;
				TARGETED_DEVICE_FAMILY = "1,2";
			};
			name = Debug;
		};
		0043F7941DBF0F4900C9A6C0 /* Release */ = {
			isa = XCBuildConfiguration;
			buildSettings = {
				ALWAYS_SEARCH_USER_PATHS = NO;
				CLANG_ANALYZER_NONNULL = YES;
				CLANG_CXX_LANGUAGE_STANDARD = "gnu++0x";
				CLANG_CXX_LIBRARY = "libc++";
				CLANG_ENABLE_MODULES = YES;
				CLANG_ENABLE_OBJC_ARC = YES;
				CLANG_WARN_BOOL_CONVERSION = YES;
				CLANG_WARN_CONSTANT_CONVERSION = YES;
				CLANG_WARN_DIRECT_OBJC_ISA_USAGE = YES_ERROR;
				CLANG_WARN_DOCUMENTATION_COMMENTS = YES;
				CLANG_WARN_EMPTY_BODY = YES;
				CLANG_WARN_ENUM_CONVERSION = YES;
				CLANG_WARN_INFINITE_RECURSION = YES;
				CLANG_WARN_INT_CONVERSION = YES;
				CLANG_WARN_OBJC_ROOT_CLASS = YES_ERROR;
				CLANG_WARN_SUSPICIOUS_MOVES = YES;
				CLANG_WARN_UNREACHABLE_CODE = YES;
				CLANG_WARN__DUPLICATE_METHOD_MATCH = YES;
				"CODE_SIGN_IDENTITY[sdk=iphoneos*]" = "iPhone Developer";
				COPY_PHASE_STRIP = NO;
				DEBUG_INFORMATION_FORMAT = "dwarf-with-dsym";
				ENABLE_NS_ASSERTIONS = NO;
				ENABLE_STRICT_OBJC_MSGSEND = YES;
				GCC_C_LANGUAGE_STANDARD = gnu99;
				GCC_NO_COMMON_BLOCKS = YES;
				GCC_WARN_64_TO_32_BIT_CONVERSION = YES;
				GCC_WARN_ABOUT_RETURN_TYPE = YES_ERROR;
				GCC_WARN_UNDECLARED_SELECTOR = YES;
				GCC_WARN_UNINITIALIZED_AUTOS = YES_AGGRESSIVE;
				GCC_WARN_UNUSED_FUNCTION = YES;
				GCC_WARN_UNUSED_VARIABLE = YES;
				IPHONEOS_DEPLOYMENT_TARGET = 10.0;
				MTL_ENABLE_DEBUG_INFO = NO;
				SDKROOT = iphoneos;
				TARGETED_DEVICE_FAMILY = "1,2";
				VALIDATE_PRODUCT = YES;
			};
			name = Release;
		};
		0043F7961DBF0F4900C9A6C0 /* Debug */ = {
			isa = XCBuildConfiguration;
			buildSettings = {
				ASSETCATALOG_COMPILER_APPICON_NAME = AppIcon;
				FRAMEWORK_SEARCH_PATHS = (
					"$(inherited)",
					"$(PROJECT_DIR)/test",
					"$(PROJECT_DIR)",
				);
				INFOPLIST_FILE = test/Info.plist;
				LD_RUNPATH_SEARCH_PATHS = "$(inherited) @executable_path/Frameworks";
				LIBRARY_SEARCH_PATHS = (
					"$(inherited)",
					"$(PROJECT_DIR)/test",
				);
				PRODUCT_BUNDLE_IDENTIFIER = IndieSquare.test;
				PRODUCT_NAME = "$(TARGET_NAME)";
			};
			name = Debug;
		};
		0043F7971DBF0F4900C9A6C0 /* Release */ = {
			isa = XCBuildConfiguration;
			buildSettings = {
				ASSETCATALOG_COMPILER_APPICON_NAME = AppIcon;
				FRAMEWORK_SEARCH_PATHS = (
					"$(inherited)",
					"$(PROJECT_DIR)/test",
					"$(PROJECT_DIR)",
				);
				INFOPLIST_FILE = test/Info.plist;
				LD_RUNPATH_SEARCH_PATHS = "$(inherited) @executable_path/Frameworks";
				LIBRARY_SEARCH_PATHS = (
					"$(inherited)",
					"$(PROJECT_DIR)/test",
				);
				PRODUCT_BUNDLE_IDENTIFIER = IndieSquare.test;
				PRODUCT_NAME = "$(TARGET_NAME)";
			};
			name = Release;
		};
		0043F7991DBF0F4900C9A6C0 /* Debug */ = {
			isa = XCBuildConfiguration;
			buildSettings = {
				BUNDLE_LOADER = "$(TEST_HOST)";
				INFOPLIST_FILE = testTests/Info.plist;
				LD_RUNPATH_SEARCH_PATHS = "$(inherited) @executable_path/Frameworks @loader_path/Frameworks";
				PRODUCT_BUNDLE_IDENTIFIER = IndieSquare.testTests;
				PRODUCT_NAME = "$(TARGET_NAME)";
				TEST_HOST = "$(BUILT_PRODUCTS_DIR)/example.app/example";
			};
			name = Debug;
		};
		0043F79A1DBF0F4900C9A6C0 /* Release */ = {
			isa = XCBuildConfiguration;
			buildSettings = {
				BUNDLE_LOADER = "$(TEST_HOST)";
				INFOPLIST_FILE = testTests/Info.plist;
				LD_RUNPATH_SEARCH_PATHS = "$(inherited) @executable_path/Frameworks @loader_path/Frameworks";
				PRODUCT_BUNDLE_IDENTIFIER = IndieSquare.testTests;
				PRODUCT_NAME = "$(TARGET_NAME)";
				TEST_HOST = "$(BUILT_PRODUCTS_DIR)/example.app/example";
			};
			name = Release;
		};
		0043F79C1DBF0F4900C9A6C0 /* Debug */ = {
			isa = XCBuildConfiguration;
			buildSettings = {
				INFOPLIST_FILE = testUITests/Info.plist;
				LD_RUNPATH_SEARCH_PATHS = "$(inherited) @executable_path/Frameworks @loader_path/Frameworks";
				PRODUCT_BUNDLE_IDENTIFIER = IndieSquare.testUITests;
				PRODUCT_NAME = "$(TARGET_NAME)";
				TEST_TARGET_NAME = test;
			};
			name = Debug;
		};
		0043F79D1DBF0F4900C9A6C0 /* Release */ = {
			isa = XCBuildConfiguration;
			buildSettings = {
				INFOPLIST_FILE = testUITests/Info.plist;
				LD_RUNPATH_SEARCH_PATHS = "$(inherited) @executable_path/Frameworks @loader_path/Frameworks";
				PRODUCT_BUNDLE_IDENTIFIER = IndieSquare.testUITests;
				PRODUCT_NAME = "$(TARGET_NAME)";
				TEST_TARGET_NAME = test;
			};
			name = Release;
		};
/* End XCBuildConfiguration section */

/* Begin XCConfigurationList section */
		0043F7601DBF0F4900C9A6C0 /* Build configuration list for PBXProject "example" */ = {
			isa = XCConfigurationList;
			buildConfigurations = (
				0043F7931DBF0F4900C9A6C0 /* Debug */,
				0043F7941DBF0F4900C9A6C0 /* Release */,
			);
			defaultConfigurationIsVisible = 0;
			defaultConfigurationName = Release;
		};
		0043F7951DBF0F4900C9A6C0 /* Build configuration list for PBXNativeTarget "example" */ = {
			isa = XCConfigurationList;
			buildConfigurations = (
				0043F7961DBF0F4900C9A6C0 /* Debug */,
				0043F7971DBF0F4900C9A6C0 /* Release */,
			);
			defaultConfigurationIsVisible = 0;
			defaultConfigurationName = Release;
		};
		0043F7981DBF0F4900C9A6C0 /* Build configuration list for PBXNativeTarget "exampleTests" */ = {
			isa = XCConfigurationList;
			buildConfigurations = (
				0043F7991DBF0F4900C9A6C0 /* Debug */,
				0043F79A1DBF0F4900C9A6C0 /* Release */,
			);
			defaultConfigurationIsVisible = 0;
			defaultConfigurationName = Release;
		};
		0043F79B1DBF0F4900C9A6C0 /* Build configuration list for PBXNativeTarget "exampleUITests" */ = {
			isa = XCConfigurationList;
			buildConfigurations = (
				0043F79C1DBF0F4900C9A6C0 /* Debug */,
				0043F79D1DBF0F4900C9A6C0 /* Release */,
			);
			defaultConfigurationIsVisible = 0;
			defaultConfigurationName = Release;
		};
/* End XCConfigurationList section */

/* Begin XCVersionGroup section */
		0043F7741DBF0F4900C9A6C0 /* test.xcdatamodeld */ = {
			isa = XCVersionGroup;
			children = (
				0043F7751DBF0F4900C9A6C0 /* test.xcdatamodel */,
			);
			currentVersion = 0043F7751DBF0F4900C9A6C0 /* test.xcdatamodel */;
			path = test.xcdatamodeld;
			sourceTree = "<group>";
			versionGroupType = wrapper.xcdatamodel;
		};
/* End XCVersionGroup section */
	};
	rootObject = 0043F75D1DBF0F4900C9A6C0 /* Project object */;
}
